
Microsoft Visual Studio Solution File, Format Version 12.00
Project("{FAE04EC0-301F-11D3-BF4B-00C04F79EFBC}") = "ChronoTrace.Attributes", "ChronoTrace.Attributes\ChronoTrace.Attributes.csproj", "{8EF9ED71-6549-41E3-BF11-8CD87F3F87C1}"
EndProject
Project("{FAE04EC0-301F-11D3-BF4B-00C04F79EFBC}") = "ChronoTrace.SourceGenerators", "ChronoTrace.SourceGenerators\ChronoTrace.SourceGenerators.csproj", "{10BD4CFA-6758-4D06-9EB5-CAF076BDF64F}"
EndProject
Project("{FAE04EC0-301F-11D3-BF4B-00C04F79EFBC}") = "ChronoTrace.ProfilingInternals", "ChronoTrace.ProfilingInternals\ChronoTrace.ProfilingInternals.csproj", "{BCFF58DC-E750-48AA-91CF-58FE1DB1D733}"
EndProject
Project("{FAE04EC0-301F-11D3-BF4B-00C04F79EFBC}") = "ChronoTrace.SourceGenerators.Tests", "..\tests\ChronoTrace.SourceGenerators.Tests\ChronoTrace.SourceGenerators.Tests.csproj", "{0869AE58-3749-41E0-8EF4-D7C23EA1A57B}"
EndProject
Project("{FAE04EC0-301F-11D3-BF4B-00C04F79EFBC}") = "ChronoTrace.ProfilingInternals.Tests", "..\tests\ChronoTrace.ProfilingInternals.Tests\ChronoTrace.ProfilingInternals.Tests.csproj", "{CC48A605-60A8-47A6-A0F5-2AC0C8D465D2}"
EndProject
Global
	GlobalSection(SolutionConfigurationPlatforms) = preSolution
		Debug|Any CPU = Debug|Any CPU
		Release|Any CPU = Release|Any CPU
	EndGlobalSection
	GlobalSection(ProjectConfigurationPlatforms) = postSolution
		{8EF9ED71-6549-41E3-BF11-8CD87F3F87C1}.Debug|Any CPU.ActiveCfg = Debug|Any CPU
		{8EF9ED71-6549-41E3-BF11-8CD87F3F87C1}.Debug|Any CPU.Build.0 = Debug|Any CPU
		{8EF9ED71-6549-41E3-BF11-8CD87F3F87C1}.Release|Any CPU.ActiveCfg = Release|Any CPU
		{8EF9ED71-6549-41E3-BF11-8CD87F3F87C1}.Release|Any CPU.Build.0 = Release|Any CPU
		{10BD4CFA-6758-4D06-9EB5-CAF076BDF64F}.Debug|Any CPU.ActiveCfg = Debug|Any CPU
		{10BD4CFA-6758-4D06-9EB5-CAF076BDF64F}.Debug|Any CPU.Build.0 = Debug|Any CPU
		{10BD4CFA-6758-4D06-9EB5-CAF076BDF64F}.Release|Any CPU.ActiveCfg = Release|Any CPU
		{10BD4CFA-6758-4D06-9EB5-CAF076BDF64F}.Release|Any CPU.Build.0 = Release|Any CPU
		{BCFF58DC-E750-48AA-91CF-58FE1DB1D733}.Debug|Any CPU.ActiveCfg = Debug|Any CPU
		{BCFF58DC-E750-48AA-91CF-58FE1DB1D733}.Debug|Any CPU.Build.0 = Debug|Any CPU
		{BCFF58DC-E750-48AA-91CF-58FE1DB1D733}.Release|Any CPU.ActiveCfg = Release|Any CPU
		{BCFF58DC-E750-48AA-91CF-58FE1DB1D733}.Release|Any CPU.Build.0 = Release|Any CPU
		{0869AE58-3749-41E0-8EF4-D7C23EA1A57B}.Debug|Any CPU.ActiveCfg = Debug|Any CPU
		{0869AE58-3749-41E0-8EF4-D7C23EA1A57B}.Debug|Any CPU.Build.0 = Debug|Any CPU
		{0869AE58-3749-41E0-8EF4-D7C23EA1A57B}.Release|Any CPU.ActiveCfg = Release|Any CPU
		{0869AE58-3749-41E0-8EF4-D7C23EA1A57B}.Release|Any CPU.Build.0 = Release|Any CPU
		{CC48A605-60A8-47A6-A0F5-2AC0C8D465D2}.Debug|Any CPU.ActiveCfg = Debug|Any CPU
		{CC48A605-60A8-47A6-A0F5-2AC0C8D465D2}.Debug|Any CPU.Build.0 = Debug|Any CPU
		{CC48A605-60A8-47A6-A0F5-2AC0C8D465D2}.Release|Any CPU.ActiveCfg = Release|Any CPU
		{CC48A605-60A8-47A6-A0F5-2AC0C8D465D2}.Release|Any CPU.Build.0 = Release|Any CPU
	EndGlobalSection
EndGlobal
