
Microsoft Visual Studio Solution File, Format Version 12.00
Project("{FAE04EC0-301F-11D3-BF4B-00C04F79EFBC}") = "ChronoTrace.Attributes", "ChronoTrace.Attributes\ChronoTrace.Attributes.csproj", "{8EF9ED71-6549-41E3-BF11-8CD87F3F87C1}"
EndProject
Global
	GlobalSection(SolutionConfigurationPlatforms) = preSolution
		Debug|Any CPU = Debug|Any CPU
		Release|Any CPU = Release|Any CPU
	EndGlobalSection
	GlobalSection(ProjectConfigurationPlatforms) = postSolution
		{8EF9ED71-6549-41E3-BF11-8CD87F3F87C1}.Debug|Any CPU.ActiveCfg = Debug|Any CPU
		{8EF9ED71-6549-41E3-BF11-8CD87F3F87C1}.Debug|Any CPU.Build.0 = Debug|Any CPU
		{8EF9ED71-6549-41E3-BF11-8CD87F3F87C1}.Release|Any CPU.ActiveCfg = Release|Any CPU
		{8EF9ED71-6549-41E3-BF11-8CD87F3F87C1}.Release|Any CPU.Build.0 = Release|Any CPU
	EndGlobalSection
EndGlobal
